
Microsoft Visual Studio Solution File, Format Version 12.00
# Visual Studio Version 17
VisualStudioVersion = 17.7.34031.279
MinimumVisualStudioVersion = 10.0.40219.1
Project("{FAE04EC0-301F-11D3-BF4B-00C04F79EFBC}") = "Souq.com", "Souq.com\Souq.com.csproj", "{049829F8-C134-4D7F-8C9A-B303EEAD0072}"
EndProject
Global
	GlobalSection(SolutionConfigurationPlatforms) = preSolution
		Debug|Any CPU = Debug|Any CPU
		Release|Any CPU = Release|Any CPU
	EndGlobalSection
	GlobalSection(ProjectConfigurationPlatforms) = postSolution
		{049829F8-C134-4D7F-8C9A-B303EEAD0072}.Debug|Any CPU.ActiveCfg = Debug|Any CPU
		{049829F8-C134-4D7F-8C9A-B303EEAD0072}.Debug|Any CPU.Build.0 = Debug|Any CPU
		{049829F8-C134-4D7F-8C9A-B303EEAD0072}.Release|Any CPU.ActiveCfg = Release|Any CPU
		{049829F8-C134-4D7F-8C9A-B303EEAD0072}.Release|Any CPU.Build.0 = Release|Any CPU
	EndGlobalSection
	GlobalSection(SolutionProperties) = preSolution
		HideSolutionNode = FALSE
	EndGlobalSection
	GlobalSection(ExtensibilityGlobals) = postSolution
		SolutionGuid = {2FCC6213-6377-4DB1-90CB-630D3DEDB0B6}
	EndGlobalSection
EndGlobal
